
Microsoft Visual Studio Solution File, Format Version 12.00
# Visual Studio Version 17
VisualStudioVersion = 17.2.32630.192
MinimumVisualStudioVersion = 10.0.40219.1
Project("{FAE04EC0-301F-11D3-BF4B-00C04F79EFBC}") = "Hi", "Hi\Hi.csproj", "{81E3AF59-C774-4FB3-949D-D451A05515C7}"
EndProject
Global
	GlobalSection(SolutionConfigurationPlatforms) = preSolution
		Debug|Any CPU = Debug|Any CPU
		Release|Any CPU = Release|Any CPU
	EndGlobalSection
	GlobalSection(ProjectConfigurationPlatforms) = postSolution
		{81E3AF59-C774-4FB3-949D-D451A05515C7}.Debug|Any CPU.ActiveCfg = Debug|Any CPU
		{81E3AF59-C774-4FB3-949D-D451A05515C7}.Debug|Any CPU.Build.0 = Debug|Any CPU
		{81E3AF59-C774-4FB3-949D-D451A05515C7}.Release|Any CPU.ActiveCfg = Release|Any CPU
		{81E3AF59-C774-4FB3-949D-D451A05515C7}.Release|Any CPU.Build.0 = Release|Any CPU
	EndGlobalSection
	GlobalSection(SolutionProperties) = preSolution
		HideSolutionNode = FALSE
	EndGlobalSection
	GlobalSection(ExtensibilityGlobals) = postSolution
		SolutionGuid = {EE98E8D7-6A54-48F9-8804-7422F6CBC443}
	EndGlobalSection
EndGlobal
